# This file is automatically @generated by Cargo.
# It is not intended for manual editing.
version = 3

[[package]]
name = "bitflags"
version = "1.3.2"
source = "registry+https://github.com/rust-lang/crates.io-index"
checksum = "bef38d45163c2f1dde094a7dfd33ccf595c92905c8f8f4fdc18d06fb1037718a"

[[package]]
name = "cfg-if"
version = "1.0.0"
source = "registry+https://github.com/rust-lang/crates.io-index"
checksum = "baf1de4339761588bc0619e3cbc0120ee582ebb74b53b4efbf79117bd2da40fd"

[[package]]
name = "epoll"
version = "4.3.1"
source = "registry+https://github.com/rust-lang/crates.io-index"
checksum = "20df693c700404f7e19d4d6fae6b15215d2913c27955d2b9d6f2c0f537511cd0"
dependencies = [
 "bitflags",
 "libc",
]

[[package]]
name = "kvm-bindings"
version = "0.6.0"
source = "registry+https://github.com/rust-lang/crates.io-index"
checksum = "efe70e65a5b092161d17f5005b66e5eefe7a94a70c332e755036fc4af78c4e79"
dependencies = [
 "vmm-sys-util",
]

[[package]]
name = "kvm-ioctls"
version = "0.13.0"
source = "registry+https://github.com/rust-lang/crates.io-index"
checksum = "b8f8dc9c1896e5f144ec5d07169bc29f39a047686d29585a91f30489abfaeb6b"
dependencies = [
 "kvm-bindings",
 "libc",
 "vmm-sys-util",
]

[[package]]
name = "libc"
version = "0.2.108"
source = "registry+https://github.com/rust-lang/crates.io-index"
checksum = "8521a1b57e76b1ec69af7599e75e38e7b7fad6610f037db8c79b127201b5d119"

[[package]]
name = "linux-loader"
version = "0.8.1"
source = "registry+https://github.com/rust-lang/crates.io-index"
checksum = "b9259ddbfbb52cc918f6bbc60390004ddd0228cf1d85f402009ff2b3d95de83f"
dependencies = [
 "vm-memory",
]

[[package]]
name = "log"
version = "0.4.17"
source = "registry+https://github.com/rust-lang/crates.io-index"
checksum = "abb12e687cfb44aa40f41fc3978ef76448f9b6038cad6aef4259d3c095a2382e"
dependencies = [
 "cfg-if",
]

[[package]]
name = "virtio-bindings"
version = "0.2.0"
source = "git+https://github.com/rust-vmm/vm-virtio#467c8ec99375a5f4e08b85b18257cd7e0bac1dc0"

[[package]]
name = "virtio-queue"
version = "0.7.1"
source = "git+https://github.com/rust-vmm/vm-virtio#467c8ec99375a5f4e08b85b18257cd7e0bac1dc0"
dependencies = [
 "log",
 "virtio-bindings",
 "vm-memory",
 "vmm-sys-util",
]

[[package]]
name = "vm-device"
version = "0.1.0"
source = "git+https://github.com/lucido-simon/vm-device?rev=5619cec076594881ddf8a38978c50923b3434494#5619cec076594881ddf8a38978c50923b3434494"
dependencies = [
 "vm-memory",
]

[[package]]
name = "vm-memory"
version = "0.10.0"
source = "registry+https://github.com/rust-lang/crates.io-index"
checksum = "688a70366615b45575a424d9c665561c1b5ab2224d494f706b6a6812911a827c"
dependencies = [
 "libc",
 "winapi",
]

[[package]]
name = "vm-superio"
version = "0.7.0"
source = "registry+https://github.com/rust-lang/crates.io-index"
checksum = "6de3dc0146d78558327419fac388850fc6cbf197e924c4659a4863db20b5af64"

[[package]]
name = "vmm"
version = "0.1.1"
dependencies = [
 "epoll",
 "kvm-bindings",
 "kvm-ioctls",
 "libc",
 "linux-loader",
 "virtio-queue",
 "vm-device",
 "vm-memory",
 "vm-superio",
 "vmm-sys-util",
]

[[package]]
name = "vmm-sys-util"
version = "0.11.1"
source = "registry+https://github.com/rust-lang/crates.io-index"
checksum = "dd64fe09d8e880e600c324e7d664760a17f56e9672b7495a86381b49e4f72f46"
dependencies = [
 "bitflags",
 "libc",
]

[[package]]
name = "winapi"
version = "0.3.9"
source = "registry+https://github.com/rust-lang/crates.io-index"
checksum = "5c839a674fcd7a98952e593242ea400abe93992746761e38641405d28b00f419"
dependencies = [
 "winapi-i686-pc-windows-gnu",
 "winapi-x86_64-pc-windows-gnu",
]

[[package]]
name = "winapi-i686-pc-windows-gnu"
version = "0.4.0"
source = "registry+https://github.com/rust-lang/crates.io-index"
checksum = "ac3b87c63620426dd9b991e5ce0329eff545bccbbb34f3be09ff6fb6ab51b7b6"

[[package]]
name = "winapi-x86_64-pc-windows-gnu"
version = "0.4.0"
source = "registry+https://github.com/rust-lang/crates.io-index"
checksum = "712e227841d057c1ee1cd2fb22fa7e5a5461ae8e48fa2ca79ec42cfc1931183f"
